
Microsoft Visual Studio Solution File, Format Version 12.00
# Visual Studio Version 17
VisualStudioVersion = 17.11.35005.142
MinimumVisualStudioVersion = 10.0.40219.1
Project("{FAE04EC0-301F-11D3-BF4B-00C04F79EFBC}") = "ConsoleApp4", "ConsoleApp4\ConsoleApp4.csproj", "{B08AEAB2-FD63-4ED3-8B5B-68C2EA0433DE}"
EndProject
Global
	GlobalSection(SolutionConfigurationPlatforms) = preSolution
		Debug|Any CPU = Debug|Any CPU
		Release|Any CPU = Release|Any CPU
	EndGlobalSection
	GlobalSection(ProjectConfigurationPlatforms) = postSolution
		{B08AEAB2-FD63-4ED3-8B5B-68C2EA0433DE}.Debug|Any CPU.ActiveCfg = Debug|Any CPU
		{B08AEAB2-FD63-4ED3-8B5B-68C2EA0433DE}.Debug|Any CPU.Build.0 = Debug|Any CPU
		{B08AEAB2-FD63-4ED3-8B5B-68C2EA0433DE}.Release|Any CPU.ActiveCfg = Release|Any CPU
		{B08AEAB2-FD63-4ED3-8B5B-68C2EA0433DE}.Release|Any CPU.Build.0 = Release|Any CPU
	EndGlobalSection
	GlobalSection(SolutionProperties) = preSolution
		HideSolutionNode = FALSE
	EndGlobalSection
	GlobalSection(ExtensibilityGlobals) = postSolution
		SolutionGuid = {AFE67076-F385-444A-A30D-1B0D680EE190}
	EndGlobalSection
EndGlobal
